{
    "name": "easygram",
    "version": "0.3.0",
    "lockfileVersion": 2,
    "requires": true,
    "packages": {
        "": {
            "name": "easygram",
            "version": "0.3.0",
            "dependencies": {
                "ebnf": "1.9.0"
            },
            "devDependencies": {
                "tapzero": "^0.6.1"
            }
        },
        "node_modules/ebnf": {
            "version": "1.9.0",
            "resolved": "https://registry.npmjs.org/ebnf/-/ebnf-1.9.0.tgz",
            "integrity": "sha512-LKK899+j758AgPq00ms+y90mo+2P86fMKUWD28sH0zLKUj7aL6iIH2wy4jejAMM9I2BawJ+2kp6C3mMXj+Ii5g==",
            "bin": {
                "ebnf": "dist/bin.js"
            }
        },
        "node_modules/tapzero": {
            "version": "0.6.1",
            "resolved": "https://registry.npmjs.org/tapzero/-/tapzero-0.6.1.tgz",
            "integrity": "sha512-7AaXewk3TogGyYF0tOqLveHB1wX34LdMBmX+K00D1Aj/xle2YI3zk3lWpyuiVE1/6UkSmEKvRMTw1Fc8bmbOBQ==",
            "dev": true
        }
    },
    "dependencies": {
        "ebnf": {
            "version": "1.9.0",
            "resolved": "https://registry.npmjs.org/ebnf/-/ebnf-1.9.0.tgz",
            "integrity": "sha512-LKK899+j758AgPq00ms+y90mo+2P86fMKUWD28sH0zLKUj7aL6iIH2wy4jejAMM9I2BawJ+2kp6C3mMXj+Ii5g=="
        },
        "tapzero": {
            "version": "0.6.1",
            "resolved": "https://registry.npmjs.org/tapzero/-/tapzero-0.6.1.tgz",
            "integrity": "sha512-7AaXewk3TogGyYF0tOqLveHB1wX34LdMBmX+K00D1Aj/xle2YI3zk3lWpyuiVE1/6UkSmEKvRMTw1Fc8bmbOBQ==",
            "dev": true
        }
    }
}
